// !$*UTF8*$!
{
	archiveVersion = 1;
	classes = {
	};
	objectVersion = 56;
	objects = {

/* Begin PBXBuildFile section */
		7269A3DB2A68EE2B001272C4 /* NearbyUnityPlugin.swift in Sources */ = {isa = PBXBuildFile; fileRef = 7269A3DA2A68EE2B001272C4 /* NearbyUnityPlugin.swift */; };
		7269A3E42A68EE97001272C4 /* NearbyUnityPlugin.mm in Sources */ = {isa = PBXBuildFile; fileRef = 7269A3E32A68EE97001272C4 /* NearbyUnityPlugin.mm */; };
		7269A3E72A68EFC3001272C4 /* NearbyConnections in Frameworks */ = {isa = PBXBuildFile; productRef = 7269A3E62A68EFC3001272C4 /* NearbyConnections */; };
		7269A4E02A6CDF14001272C4 /* NearbyUnityPlugin.swift in Sources */ = {isa = PBXBuildFile; fileRef = 7269A3DA2A68EE2B001272C4 /* NearbyUnityPlugin.swift */; };
		7269A4E12A6CDF14001272C4 /* NearbyUnityPlugin.mm in Sources */ = {isa = PBXBuildFile; fileRef = 7269A3E32A68EE97001272C4 /* NearbyUnityPlugin.mm */; };
		7269A4E32A6CDF18001272C4 /* NearbyConnections in Frameworks */ = {isa = PBXBuildFile; productRef = 7269A4E22A6CDF18001272C4 /* NearbyConnections */; };
/* End PBXBuildFile section */

/* Begin PBXFileReference section */
		7269A3D72A68EE2B001272C4 /* libNearbyUnityPlugin.a */ = {isa = PBXFileReference; explicitFileType = archive.ar; includeInIndex = 0; path = libNearbyUnityPlugin.a; sourceTree = BUILT_PRODUCTS_DIR; };
		7269A3DA2A68EE2B001272C4 /* NearbyUnityPlugin.swift */ = {isa = PBXFileReference; lastKnownFileType = sourcecode.swift; path = NearbyUnityPlugin.swift; sourceTree = "<group>"; };
		7269A3E12A68EE49001272C4 /* nearby */ = {isa = PBXFileReference; lastKnownFileType = wrapper; name = nearby; path = ../nearby; sourceTree = "<group>"; };
		7269A3E22A68EE97001272C4 /* NearbyUnityPlugin-Bridging-Header.h */ = {isa = PBXFileReference; lastKnownFileType = sourcecode.c.h; path = "NearbyUnityPlugin-Bridging-Header.h"; sourceTree = "<group>"; };
		7269A3E32A68EE97001272C4 /* NearbyUnityPlugin.mm */ = {isa = PBXFileReference; lastKnownFileType = sourcecode.cpp.objcpp; path = NearbyUnityPlugin.mm; sourceTree = "<group>"; };
		7269A4D72A6CDF04001272C4 /* libNearbyUnityPlugin-osx.dylib */ = {isa = PBXFileReference; explicitFileType = "compiled.mach-o.dylib"; includeInIndex = 0; path = "libNearbyUnityPlugin-osx.dylib"; sourceTree = BUILT_PRODUCTS_DIR; };
/* End PBXFileReference section */

/* Begin PBXFrameworksBuildPhase section */
		7269A3D42A68EE2B001272C4 /* Frameworks */ = {
			isa = PBXFrameworksBuildPhase;
			buildActionMask = 2147483647;
			files = (
				7269A3E72A68EFC3001272C4 /* NearbyConnections in Frameworks */,
			);
			runOnlyForDeploymentPostprocessing = 0;
		};
		7269A4D52A6CDF04001272C4 /* Frameworks */ = {
			isa = PBXFrameworksBuildPhase;
			buildActionMask = 2147483647;
			files = (
				7269A4E32A6CDF18001272C4 /* NearbyConnections in Frameworks */,
			);
			runOnlyForDeploymentPostprocessing = 0;
		};
/* End PBXFrameworksBuildPhase section */

/* Begin PBXGroup section */
		7269A3CE2A68EE2B001272C4 = {
			isa = PBXGroup;
			children = (
				7269A3E12A68EE49001272C4 /* nearby */,
				7269A3D92A68EE2B001272C4 /* NearbyUnityPlugin */,
				7269A3D82A68EE2B001272C4 /* Products */,
				7269A3E52A68EFC3001272C4 /* Frameworks */,
			);
			sourceTree = "<group>";
		};
		7269A3D82A68EE2B001272C4 /* Products */ = {
			isa = PBXGroup;
			children = (
				7269A3D72A68EE2B001272C4 /* libNearbyUnityPlugin.a */,
				7269A4D72A6CDF04001272C4 /* libNearbyUnityPlugin-osx.dylib */,
			);
			name = Products;
			sourceTree = "<group>";
		};
		7269A3D92A68EE2B001272C4 /* NearbyUnityPlugin */ = {
			isa = PBXGroup;
			children = (
				7269A3DA2A68EE2B001272C4 /* NearbyUnityPlugin.swift */,
				7269A3E32A68EE97001272C4 /* NearbyUnityPlugin.mm */,
				7269A3E22A68EE97001272C4 /* NearbyUnityPlugin-Bridging-Header.h */,
			);
			path = NearbyUnityPlugin;
			sourceTree = "<group>";
		};
		7269A3E52A68EFC3001272C4 /* Frameworks */ = {
			isa = PBXGroup;
			children = (
			);
			name = Frameworks;
			sourceTree = "<group>";
		};
/* End PBXGroup section */

/* Begin PBXNativeTarget section */
		7269A3D62A68EE2B001272C4 /* NearbyUnityPlugin */ = {
			isa = PBXNativeTarget;
			buildConfigurationList = 7269A3DE2A68EE2B001272C4 /* Build configuration list for PBXNativeTarget "NearbyUnityPlugin" */;
			buildPhases = (
				7269A3D32A68EE2B001272C4 /* Sources */,
				7269A3D42A68EE2B001272C4 /* Frameworks */,
			);
			buildRules = (
			);
			dependencies = (
			);
			name = NearbyUnityPlugin;
			packageProductDependencies = (
				7269A3E62A68EFC3001272C4 /* NearbyConnections */,
			);
			productName = NearbyUnityPlugin;
			productReference = 7269A3D72A68EE2B001272C4 /* libNearbyUnityPlugin.a */;
			productType = "com.apple.product-type.library.static";
		};
		7269A4D62A6CDF04001272C4 /* NearbyUnityPlugin-osx */ = {
			isa = PBXNativeTarget;
			buildConfigurationList = 7269A4DF2A6CDF04001272C4 /* Build configuration list for PBXNativeTarget "NearbyUnityPlugin-osx" */;
			buildPhases = (
				7269A4D42A6CDF04001272C4 /* Sources */,
				7269A4D52A6CDF04001272C4 /* Frameworks */,
			);
			buildRules = (
			);
			dependencies = (
			);
			name = "NearbyUnityPlugin-osx";
			packageProductDependencies = (
				7269A4E22A6CDF18001272C4 /* NearbyConnections */,
			);
			productName = "NearbyUnityPlugin-osx";
			productReference = 7269A4D72A6CDF04001272C4 /* libNearbyUnityPlugin-osx.dylib */;
			productType = "com.apple.product-type.library.dynamic";
		};
/* End PBXNativeTarget section */

/* Begin PBXProject section */
		7269A3CF2A68EE2B001272C4 /* Project object */ = {
			isa = PBXProject;
			attributes = {
				BuildIndependentTargetsInParallel = 1;
				LastSwiftUpdateCheck = 1420;
				LastUpgradeCheck = 1420;
				TargetAttributes = {
					7269A3D62A68EE2B001272C4 = {
						CreatedOnToolsVersion = 14.2;
					};
					7269A4D62A6CDF04001272C4 = {
						CreatedOnToolsVersion = 14.2;
					};
				};
			};
			buildConfigurationList = 7269A3D22A68EE2B001272C4 /* Build configuration list for PBXProject "NearbyUnityPlugin" */;
			compatibilityVersion = "Xcode 14.0";
			developmentRegion = en;
			hasScannedForEncodings = 0;
			knownRegions = (
				en,
				Base,
			);
			mainGroup = 7269A3CE2A68EE2B001272C4;
			productRefGroup = 7269A3D82A68EE2B001272C4 /* Products */;
			projectDirPath = "";
			projectRoot = "";
			targets = (
				7269A3D62A68EE2B001272C4 /* NearbyUnityPlugin */,
				7269A4D62A6CDF04001272C4 /* NearbyUnityPlugin-osx */,
			);
		};
/* End PBXProject section */

/* Begin PBXSourcesBuildPhase section */
		7269A3D32A68EE2B001272C4 /* Sources */ = {
			isa = PBXSourcesBuildPhase;
			buildActionMask = 2147483647;
			files = (
				7269A3DB2A68EE2B001272C4 /* NearbyUnityPlugin.swift in Sources */,
				7269A3E42A68EE97001272C4 /* NearbyUnityPlugin.mm in Sources */,
			);
			runOnlyForDeploymentPostprocessing = 0;
		};
		7269A4D42A6CDF04001272C4 /* Sources */ = {
			isa = PBXSourcesBuildPhase;
			buildActionMask = 2147483647;
			files = (
				7269A4E02A6CDF14001272C4 /* NearbyUnityPlugin.swift in Sources */,
				7269A4E12A6CDF14001272C4 /* NearbyUnityPlugin.mm in Sources */,
			);
			runOnlyForDeploymentPostprocessing = 0;
		};
/* End PBXSourcesBuildPhase section */

/* Begin XCBuildConfiguration section */
		7269A3DC2A68EE2B001272C4 /* Debug */ = {
			isa = XCBuildConfiguration;
			buildSettings = {
				ALWAYS_SEARCH_USER_PATHS = NO;
				CLANG_ANALYZER_NONNULL = YES;
				CLANG_ANALYZER_NUMBER_OBJECT_CONVERSION = YES_AGGRESSIVE;
				CLANG_CXX_LANGUAGE_STANDARD = "gnu++20";
				CLANG_ENABLE_MODULES = YES;
				CLANG_ENABLE_OBJC_ARC = YES;
				CLANG_ENABLE_OBJC_WEAK = YES;
				CLANG_WARN_BLOCK_CAPTURE_AUTORELEASING = YES;
				CLANG_WARN_BOOL_CONVERSION = YES;
				CLANG_WARN_COMMA = YES;
				CLANG_WARN_CONSTANT_CONVERSION = YES;
				CLANG_WARN_DEPRECATED_OBJC_IMPLEMENTATIONS = YES;
				CLANG_WARN_DIRECT_OBJC_ISA_USAGE = YES_ERROR;
				CLANG_WARN_DOCUMENTATION_COMMENTS = YES;
				CLANG_WARN_EMPTY_BODY = YES;
				CLANG_WARN_ENUM_CONVERSION = YES;
				CLANG_WARN_INFINITE_RECURSION = YES;
				CLANG_WARN_INT_CONVERSION = YES;
				CLANG_WARN_NON_LITERAL_NULL_CONVERSION = YES;
				CLANG_WARN_OBJC_IMPLICIT_RETAIN_SELF = YES;
				CLANG_WARN_OBJC_LITERAL_CONVERSION = YES;
				CLANG_WARN_OBJC_ROOT_CLASS = YES_ERROR;
				CLANG_WARN_QUOTED_INCLUDE_IN_FRAMEWORK_HEADER = YES;
				CLANG_WARN_RANGE_LOOP_ANALYSIS = YES;
				CLANG_WARN_STRICT_PROTOTYPES = YES;
				CLANG_WARN_SUSPICIOUS_MOVE = YES;
				CLANG_WARN_UNGUARDED_AVAILABILITY = YES_AGGRESSIVE;
				CLANG_WARN_UNREACHABLE_CODE = YES;
				CLANG_WARN__DUPLICATE_METHOD_MATCH = YES;
				COPY_PHASE_STRIP = NO;
				DEBUG_INFORMATION_FORMAT = dwarf;
				ENABLE_STRICT_OBJC_MSGSEND = YES;
				ENABLE_TESTABILITY = YES;
				GCC_C_LANGUAGE_STANDARD = gnu11;
				GCC_DYNAMIC_NO_PIC = NO;
				GCC_NO_COMMON_BLOCKS = YES;
				GCC_OPTIMIZATION_LEVEL = 0;
				GCC_PREPROCESSOR_DEFINITIONS = (
					"DEBUG=1",
					"$(inherited)",
				);
				GCC_WARN_64_TO_32_BIT_CONVERSION = YES;
				GCC_WARN_ABOUT_RETURN_TYPE = YES_ERROR;
				GCC_WARN_UNDECLARED_SELECTOR = YES;
				GCC_WARN_UNINITIALIZED_AUTOS = YES_AGGRESSIVE;
				GCC_WARN_UNUSED_FUNCTION = YES;
				GCC_WARN_UNUSED_VARIABLE = YES;
				IPHONEOS_DEPLOYMENT_TARGET = 16.2;
				MTL_ENABLE_DEBUG_INFO = INCLUDE_SOURCE;
				MTL_FAST_MATH = YES;
				ONLY_ACTIVE_ARCH = YES;
				SDKROOT = iphoneos;
				SWIFT_ACTIVE_COMPILATION_CONDITIONS = DEBUG;
				SWIFT_OPTIMIZATION_LEVEL = "-Onone";
			};
			name = Debug;
		};
		7269A3DD2A68EE2B001272C4 /* Release */ = {
			isa = XCBuildConfiguration;
			buildSettings = {
				ALWAYS_SEARCH_USER_PATHS = NO;
				CLANG_ANALYZER_NONNULL = YES;
				CLANG_ANALYZER_NUMBER_OBJECT_CONVERSION = YES_AGGRESSIVE;
				CLANG_CXX_LANGUAGE_STANDARD = "gnu++20";
				CLANG_ENABLE_MODULES = YES;
				CLANG_ENABLE_OBJC_ARC = YES;
				CLANG_ENABLE_OBJC_WEAK = YES;
				CLANG_WARN_BLOCK_CAPTURE_AUTORELEASING = YES;
				CLANG_WARN_BOOL_CONVERSION = YES;
				CLANG_WARN_COMMA = YES;
				CLANG_WARN_CONSTANT_CONVERSION = YES;
				CLANG_WARN_DEPRECATED_OBJC_IMPLEMENTATIONS = YES;
				CLANG_WARN_DIRECT_OBJC_ISA_USAGE = YES_ERROR;
				CLANG_WARN_DOCUMENTATION_COMMENTS = YES;
				CLANG_WARN_EMPTY_BODY = YES;
				CLANG_WARN_ENUM_CONVERSION = YES;
				CLANG_WARN_INFINITE_RECURSION = YES;
				CLANG_WARN_INT_CONVERSION = YES;
				CLANG_WARN_NON_LITERAL_NULL_CONVERSION = YES;
				CLANG_WARN_OBJC_IMPLICIT_RETAIN_SELF = YES;
				CLANG_WARN_OBJC_LITERAL_CONVERSION = YES;
				CLANG_WARN_OBJC_ROOT_CLASS = YES_ERROR;
				CLANG_WARN_QUOTED_INCLUDE_IN_FRAMEWORK_HEADER = YES;
				CLANG_WARN_RANGE_LOOP_ANALYSIS = YES;
				CLANG_WARN_STRICT_PROTOTYPES = YES;
				CLANG_WARN_SUSPICIOUS_MOVE = YES;
				CLANG_WARN_UNGUARDED_AVAILABILITY = YES_AGGRESSIVE;
				CLANG_WARN_UNREACHABLE_CODE = YES;
				CLANG_WARN__DUPLICATE_METHOD_MATCH = YES;
				COPY_PHASE_STRIP = NO;
				DEBUG_INFORMATION_FORMAT = "dwarf-with-dsym";
				ENABLE_NS_ASSERTIONS = NO;
				ENABLE_STRICT_OBJC_MSGSEND = YES;
				GCC_C_LANGUAGE_STANDARD = gnu11;
				GCC_NO_COMMON_BLOCKS = YES;
				GCC_WARN_64_TO_32_BIT_CONVERSION = YES;
				GCC_WARN_ABOUT_RETURN_TYPE = YES_ERROR;
				GCC_WARN_UNDECLARED_SELECTOR = YES;
				GCC_WARN_UNINITIALIZED_AUTOS = YES_AGGRESSIVE;
				GCC_WARN_UNUSED_FUNCTION = YES;
				GCC_WARN_UNUSED_VARIABLE = YES;
				IPHONEOS_DEPLOYMENT_TARGET = 16.2;
				MTL_ENABLE_DEBUG_INFO = NO;
				MTL_FAST_MATH = YES;
				SDKROOT = iphoneos;
				SWIFT_COMPILATION_MODE = wholemodule;
				SWIFT_OPTIMIZATION_LEVEL = "-O";
				VALIDATE_PRODUCT = YES;
			};
			name = Release;
		};
		7269A3DF2A68EE2B001272C4 /* Debug */ = {
			isa = XCBuildConfiguration;
			buildSettings = {
				CODE_SIGN_STYLE = Automatic;
				DEVELOPMENT_TEAM = 9EC4GQVC4L;
				OTHER_LDFLAGS = "-ObjC";
				PRODUCT_NAME = "$(TARGET_NAME)";
				SKIP_INSTALL = YES;
				SWIFT_OBJC_BRIDGING_HEADER = "NearbyUnityPlugin/NearbyUnityPlugin-Bridging-Header.h";
				SWIFT_VERSION = 5.0;
				TARGETED_DEVICE_FAMILY = "1,2";
			};
			name = Debug;
		};
		7269A3E02A68EE2B001272C4 /* Release */ = {
			isa = XCBuildConfiguration;
			buildSettings = {
				CODE_SIGN_STYLE = Automatic;
				DEVELOPMENT_TEAM = 9EC4GQVC4L;
				OTHER_LDFLAGS = "-ObjC";
				PRODUCT_NAME = "$(TARGET_NAME)";
				SKIP_INSTALL = YES;
				SWIFT_OBJC_BRIDGING_HEADER = "NearbyUnityPlugin/NearbyUnityPlugin-Bridging-Header.h";
				SWIFT_VERSION = 5.0;
				TARGETED_DEVICE_FAMILY = "1,2";
			};
			name = Release;
		};
		7269A4DD2A6CDF04001272C4 /* Debug */ = {
			isa = XCBuildConfiguration;
			buildSettings = {
				CODE_SIGN_STYLE = Automatic;
				DEVELOPMENT_TEAM = 9EC4GQVC4L;
				DYLIB_COMPATIBILITY_VERSION = 1;
				DYLIB_CURRENT_VERSION = 1;
				EXECUTABLE_PREFIX = lib;
				MACOSX_DEPLOYMENT_TARGET = 10.15;
				PRODUCT_NAME = "$(TARGET_NAME)";
				SDKROOT = macosx;
				SKIP_INSTALL = YES;
				SWIFT_OBJC_BRIDGING_HEADER = "NearbyUnityPlugin/NearbyUnityPlugin-Bridging-Header.h";
				SWIFT_VERSION = 5.0;
			};
			name = Debug;
		};
		7269A4DE2A6CDF04001272C4 /* Release */ = {
			isa = XCBuildConfiguration;
			buildSettings = {
				CODE_SIGN_STYLE = Automatic;
				DEVELOPMENT_TEAM = 9EC4GQVC4L;
				DYLIB_COMPATIBILITY_VERSION = 1;
				DYLIB_CURRENT_VERSION = 1;
				EXECUTABLE_PREFIX = lib;
				MACOSX_DEPLOYMENT_TARGET = 10.15;
				PRODUCT_NAME = "$(TARGET_NAME)";
				SDKROOT = macosx;
				SKIP_INSTALL = YES;
				SWIFT_OBJC_BRIDGING_HEADER = "NearbyUnityPlugin/NearbyUnityPlugin-Bridging-Header.h";
				SWIFT_VERSION = 5.0;
			};
			name = Release;
		};
/* End XCBuildConfiguration section */

/* Begin XCConfigurationList section */
		7269A3D22A68EE2B001272C4 /* Build configuration list for PBXProject "NearbyUnityPlugin" */ = {
			isa = XCConfigurationList;
			buildConfigurations = (
				7269A3DC2A68EE2B001272C4 /* Debug */,
				7269A3DD2A68EE2B001272C4 /* Release */,
			);
			defaultConfigurationIsVisible = 0;
			defaultConfigurationName = Release;
		};
		7269A3DE2A68EE2B001272C4 /* Build configuration list for PBXNativeTarget "NearbyUnityPlugin" */ = {
			isa = XCConfigurationList;
			buildConfigurations = (
				7269A3DF2A68EE2B001272C4 /* Debug */,
				7269A3E02A68EE2B001272C4 /* Release */,
			);
			defaultConfigurationIsVisible = 0;
			defaultConfigurationName = Release;
		};
		7269A4DF2A6CDF04001272C4 /* Build configuration list for PBXNativeTarget "NearbyUnityPlugin-osx" */ = {
			isa = XCConfigurationList;
			buildConfigurations = (
				7269A4DD2A6CDF04001272C4 /* Debug */,
				7269A4DE2A6CDF04001272C4 /* Release */,
			);
			defaultConfigurationIsVisible = 0;
			defaultConfigurationName = Release;
		};
/* End XCConfigurationList section */

/* Begin XCSwiftPackageProductDependency section */
		7269A3E62A68EFC3001272C4 /* NearbyConnections */ = {
			isa = XCSwiftPackageProductDependency;
			productName = NearbyConnections;
		};
		7269A4E22A6CDF18001272C4 /* NearbyConnections */ = {
			isa = XCSwiftPackageProductDependency;
			productName = NearbyConnections;
		};
/* End XCSwiftPackageProductDependency section */
	};
	rootObject = 7269A3CF2A68EE2B001272C4 /* Project object */;
}
